
Microsoft Visual Studio Solution File, Format Version 12.00
# Visual Studio Version 17
VisualStudioVersion = 17.4.33122.133
MinimumVisualStudioVersion = 10.0.40219.1
Project("{FAE04EC0-301F-11D3-BF4B-00C04F79EFBC}") = "ArraysDeDuasDimensoes", "ArraysDeDuasDimensoes\ArraysDeDuasDimensoes.csproj", "{2AE7A36B-5DAF-420A-8719-3A57B0462CDA}"
EndProject
Global
	GlobalSection(SolutionConfigurationPlatforms) = preSolution
		Debug|Any CPU = Debug|Any CPU
		Release|Any CPU = Release|Any CPU
	EndGlobalSection
	GlobalSection(ProjectConfigurationPlatforms) = postSolution
		{2AE7A36B-5DAF-420A-8719-3A57B0462CDA}.Debug|Any CPU.ActiveCfg = Debug|Any CPU
		{2AE7A36B-5DAF-420A-8719-3A57B0462CDA}.Debug|Any CPU.Build.0 = Debug|Any CPU
		{2AE7A36B-5DAF-420A-8719-3A57B0462CDA}.Release|Any CPU.ActiveCfg = Release|Any CPU
		{2AE7A36B-5DAF-420A-8719-3A57B0462CDA}.Release|Any CPU.Build.0 = Release|Any CPU
	EndGlobalSection
	GlobalSection(SolutionProperties) = preSolution
		HideSolutionNode = FALSE
	EndGlobalSection
	GlobalSection(ExtensibilityGlobals) = postSolution
		SolutionGuid = {7E62AFED-3E7C-43FB-88C5-CBE73802230F}
	EndGlobalSection
EndGlobal
