
Microsoft Visual Studio Solution File, Format Version 12.00
# Visual Studio Version 17
VisualStudioVersion = 17.3.32929.385
MinimumVisualStudioVersion = 10.0.40219.1
Project("{FAE04EC0-301F-11D3-BF4B-00C04F79EFBC}") = "Desafio 1 e 2", "Desafio 1 e 2\Desafio 1 e 2.csproj", "{CD31E901-233F-4D8B-8E47-F24019AE3647}"
EndProject
Global
	GlobalSection(SolutionConfigurationPlatforms) = preSolution
		Debug|Any CPU = Debug|Any CPU
		Release|Any CPU = Release|Any CPU
	EndGlobalSection
	GlobalSection(ProjectConfigurationPlatforms) = postSolution
		{CD31E901-233F-4D8B-8E47-F24019AE3647}.Debug|Any CPU.ActiveCfg = Debug|Any CPU
		{CD31E901-233F-4D8B-8E47-F24019AE3647}.Debug|Any CPU.Build.0 = Debug|Any CPU
		{CD31E901-233F-4D8B-8E47-F24019AE3647}.Release|Any CPU.ActiveCfg = Release|Any CPU
		{CD31E901-233F-4D8B-8E47-F24019AE3647}.Release|Any CPU.Build.0 = Release|Any CPU
	EndGlobalSection
	GlobalSection(SolutionProperties) = preSolution
		HideSolutionNode = FALSE
	EndGlobalSection
	GlobalSection(ExtensibilityGlobals) = postSolution
		SolutionGuid = {35B003F3-61B8-4E9A-AA8F-DAA9F9B0406A}
	EndGlobalSection
EndGlobal
