
Microsoft Visual Studio Solution File, Format Version 12.00
# Visual Studio Version 17
VisualStudioVersion = 17.3.32929.385
MinimumVisualStudioVersion = 10.0.40219.1
Project("{FAE04EC0-301F-11D3-BF4B-00C04F79EFBC}") = "If Statements", "If Statements\If Statements.csproj", "{52BABC69-B7EB-4A1E-8D44-7313F602ED41}"
EndProject
Global
	GlobalSection(SolutionConfigurationPlatforms) = preSolution
		Debug|Any CPU = Debug|Any CPU
		Release|Any CPU = Release|Any CPU
	EndGlobalSection
	GlobalSection(ProjectConfigurationPlatforms) = postSolution
		{52BABC69-B7EB-4A1E-8D44-7313F602ED41}.Debug|Any CPU.ActiveCfg = Debug|Any CPU
		{52BABC69-B7EB-4A1E-8D44-7313F602ED41}.Debug|Any CPU.Build.0 = Debug|Any CPU
		{52BABC69-B7EB-4A1E-8D44-7313F602ED41}.Release|Any CPU.ActiveCfg = Release|Any CPU
		{52BABC69-B7EB-4A1E-8D44-7313F602ED41}.Release|Any CPU.Build.0 = Release|Any CPU
	EndGlobalSection
	GlobalSection(SolutionProperties) = preSolution
		HideSolutionNode = FALSE
	EndGlobalSection
	GlobalSection(ExtensibilityGlobals) = postSolution
		SolutionGuid = {B95B6F12-AEAF-4804-804E-8D3178D16E27}
	EndGlobalSection
EndGlobal
