
Microsoft Visual Studio Solution File, Format Version 12.00
# Visual Studio Version 17
VisualStudioVersion = 17.4.33103.184
MinimumVisualStudioVersion = 10.0.40219.1
Project("{FAE04EC0-301F-11D3-BF4B-00C04F79EFBC}") = "PedidoDeMétodo", "PedidoDeMétodo\PedidoDeMétodo.csproj", "{5DACEB46-7DF7-46AE-877C-002C0BF2282F}"
EndProject
Global
	GlobalSection(SolutionConfigurationPlatforms) = preSolution
		Debug|Any CPU = Debug|Any CPU
		Release|Any CPU = Release|Any CPU
	EndGlobalSection
	GlobalSection(ProjectConfigurationPlatforms) = postSolution
		{5DACEB46-7DF7-46AE-877C-002C0BF2282F}.Debug|Any CPU.ActiveCfg = Debug|Any CPU
		{5DACEB46-7DF7-46AE-877C-002C0BF2282F}.Debug|Any CPU.Build.0 = Debug|Any CPU
		{5DACEB46-7DF7-46AE-877C-002C0BF2282F}.Release|Any CPU.ActiveCfg = Release|Any CPU
		{5DACEB46-7DF7-46AE-877C-002C0BF2282F}.Release|Any CPU.Build.0 = Release|Any CPU
	EndGlobalSection
	GlobalSection(SolutionProperties) = preSolution
		HideSolutionNode = FALSE
	EndGlobalSection
	GlobalSection(ExtensibilityGlobals) = postSolution
		SolutionGuid = {32C14A60-9A88-4816-BDAC-074AB432AD76}
	EndGlobalSection
EndGlobal
